
Microsoft Visual Studio Solution File, Format Version 12.00
# Visual Studio Version 17
VisualStudioVersion = 17.13.35913.81
MinimumVisualStudioVersion = 10.0.40219.1
Project("{54A90642-561A-4BB1-A94E-469ADEE60C69}") = "lovelyfish.api.client", "lovelyfish.api.client\lovelyfish.api.client.esproj", "{45F8B972-BA91-9D02-FF8B-B8D93D66D6D7}"
EndProject
Project("{FAE04EC0-301F-11D3-BF4B-00C04F79EFBC}") = "LovelyFish.API.Server", "LovelyFish.API.Server\LovelyFish.API.Server.csproj", "{DA6B1BF8-07BB-4214-A039-4B7AA57EB1C1}"
EndProject
Project("{2150E333-8FDC-42A3-9474-1A3956D46DE8}") = "解决方案项", "解决方案项", "{9FA3D6BD-1EC1-3BA5-80CB-CE02773A58D5}"
EndProject
Global
	GlobalSection(SolutionConfigurationPlatforms) = preSolution
		Debug|Any CPU = Debug|Any CPU
		Release|Any CPU = Release|Any CPU
	EndGlobalSection
	GlobalSection(ProjectConfigurationPlatforms) = postSolution
		{45F8B972-BA91-9D02-FF8B-B8D93D66D6D7}.Debug|Any CPU.ActiveCfg = Debug|Any CPU
		{45F8B972-BA91-9D02-FF8B-B8D93D66D6D7}.Debug|Any CPU.Build.0 = Debug|Any CPU
		{45F8B972-BA91-9D02-FF8B-B8D93D66D6D7}.Debug|Any CPU.Deploy.0 = Debug|Any CPU
		{45F8B972-BA91-9D02-FF8B-B8D93D66D6D7}.Release|Any CPU.ActiveCfg = Release|Any CPU
		{45F8B972-BA91-9D02-FF8B-B8D93D66D6D7}.Release|Any CPU.Build.0 = Release|Any CPU
		{45F8B972-BA91-9D02-FF8B-B8D93D66D6D7}.Release|Any CPU.Deploy.0 = Release|Any CPU
		{DA6B1BF8-07BB-4214-A039-4B7AA57EB1C1}.Debug|Any CPU.ActiveCfg = Debug|Any CPU
		{DA6B1BF8-07BB-4214-A039-4B7AA57EB1C1}.Debug|Any CPU.Build.0 = Debug|Any CPU
		{DA6B1BF8-07BB-4214-A039-4B7AA57EB1C1}.Release|Any CPU.ActiveCfg = Release|Any CPU
		{DA6B1BF8-07BB-4214-A039-4B7AA57EB1C1}.Release|Any CPU.Build.0 = Release|Any CPU
	EndGlobalSection
	GlobalSection(SolutionProperties) = preSolution
		HideSolutionNode = FALSE
	EndGlobalSection
	GlobalSection(ExtensibilityGlobals) = postSolution
		SolutionGuid = {8CC2E682-BDE7-4164-A1C3-B254C345E4DD}
	EndGlobalSection
EndGlobal
